
Microsoft Visual Studio Solution File, Format Version 12.00
# Visual Studio Version 16
VisualStudioVersion = 16.0.30717.126
MinimumVisualStudioVersion = 10.0.40219.1
Project("{FAE04EC0-301F-11D3-BF4B-00C04F79EFBC}") = "WebServiceAula2", "WebServiceAula2\WebServiceAula2.csproj", "{932A4143-3649-467B-9CD6-961BA6420786}"
EndProject
Global
	GlobalSection(SolutionConfigurationPlatforms) = preSolution
		Debug|Any CPU = Debug|Any CPU
		Release|Any CPU = Release|Any CPU
	EndGlobalSection
	GlobalSection(ProjectConfigurationPlatforms) = postSolution
		{932A4143-3649-467B-9CD6-961BA6420786}.Debug|Any CPU.ActiveCfg = Debug|Any CPU
		{932A4143-3649-467B-9CD6-961BA6420786}.Debug|Any CPU.Build.0 = Debug|Any CPU
		{932A4143-3649-467B-9CD6-961BA6420786}.Release|Any CPU.ActiveCfg = Release|Any CPU
		{932A4143-3649-467B-9CD6-961BA6420786}.Release|Any CPU.Build.0 = Release|Any CPU
	EndGlobalSection
	GlobalSection(SolutionProperties) = preSolution
		HideSolutionNode = FALSE
	EndGlobalSection
	GlobalSection(ExtensibilityGlobals) = postSolution
		SolutionGuid = {FB59C6E9-83D6-440B-84DF-62C42950A378}
	EndGlobalSection
EndGlobal
